
Microsoft Visual Studio Solution File, Format Version 12.00
# Visual Studio Version 16
VisualStudioVersion = 16.0.35026.282
MinimumVisualStudioVersion = 10.0.40219.1
Project("{8BC9CEB8-8B4A-11D0-8D11-00A0C91BC942}") = "Dll1", "Dll1.vcxproj", "{754510AF-8749-4518-A1C0-C9852B043DFB}"
EndProject
Global
	GlobalSection(SolutionConfigurationPlatforms) = preSolution
		Debug|x64 = Debug|x64
		Debug|x86 = Debug|x86
		Release|x64 = Release|x64
		Release|x86 = Release|x86
	EndGlobalSection
	GlobalSection(ProjectConfigurationPlatforms) = postSolution
		{754510AF-8749-4518-A1C0-C9852B043DFB}.Debug|x64.ActiveCfg = Debug|x64
		{754510AF-8749-4518-A1C0-C9852B043DFB}.Debug|x64.Build.0 = Debug|x64
		{754510AF-8749-4518-A1C0-C9852B043DFB}.Debug|x86.ActiveCfg = Debug|Win32
		{754510AF-8749-4518-A1C0-C9852B043DFB}.Debug|x86.Build.0 = Debug|Win32
		{754510AF-8749-4518-A1C0-C9852B043DFB}.Release|x64.ActiveCfg = Release|x64
		{754510AF-8749-4518-A1C0-C9852B043DFB}.Release|x64.Build.0 = Release|x64
		{754510AF-8749-4518-A1C0-C9852B043DFB}.Release|x86.ActiveCfg = Release|Win32
		{754510AF-8749-4518-A1C0-C9852B043DFB}.Release|x86.Build.0 = Release|Win32
	EndGlobalSection
	GlobalSection(SolutionProperties) = preSolution
		HideSolutionNode = FALSE
	EndGlobalSection
	GlobalSection(ExtensibilityGlobals) = postSolution
		SolutionGuid = {15F88A9C-F54E-4220-9C5D-6E47172E5735}
	EndGlobalSection
EndGlobal
